
Microsoft Visual Studio Solution File, Format Version 12.00
# Visual Studio Version 17
VisualStudioVersion = 17.8.34330.188
MinimumVisualStudioVersion = 10.0.40219.1
Project("{8BC9CEB8-8B4A-11D0-8D11-00A0C91BC942}") = "CuraSliceDemo", "CuraSliceDemo.vcxproj", "{E0DAC50E-8A6C-4211-9078-477D4C57FD74}"
EndProject
Global
	GlobalSection(SolutionConfigurationPlatforms) = preSolution
		Debug|x64 = Debug|x64
		Release|x64 = Release|x64
	EndGlobalSection
	GlobalSection(ProjectConfigurationPlatforms) = postSolution
		{E0DAC50E-8A6C-4211-9078-477D4C57FD74}.Debug|x64.ActiveCfg = Debug|x64
		{E0DAC50E-8A6C-4211-9078-477D4C57FD74}.Debug|x64.Build.0 = Debug|x64
		{E0DAC50E-8A6C-4211-9078-477D4C57FD74}.Release|x64.ActiveCfg = Release|x64
		{E0DAC50E-8A6C-4211-9078-477D4C57FD74}.Release|x64.Build.0 = Release|x64
	EndGlobalSection
	GlobalSection(SolutionProperties) = preSolution
		HideSolutionNode = FALSE
	EndGlobalSection
	GlobalSection(ExtensibilityGlobals) = postSolution
		SolutionGuid = {A0A8F741-B231-42C3-84C2-313A75BF3A96}
	EndGlobalSection
EndGlobal
